
Microsoft Visual Studio Solution File, Format Version 12.00
# Visual Studio Version 17
VisualStudioVersion = 17.0.31903.59
MinimumVisualStudioVersion = 10.0.40219.1
Project("{FAE04EC0-301F-11D3-BF4B-00C04F79EFBC}") = "HelloWorld", "00_HelloWorld\HelloWorld.csproj", "{3BB6710C-9A49-43E4-B3D4-879989C5D683}"
EndProject
Project("{FAE04EC0-301F-11D3-BF4B-00C04F79EFBC}") = "Variables", "01_Variables\Variables.csproj", "{9181C93F-7617-44D4-B855-9F76729F847A}"
EndProject
Project("{FAE04EC0-301F-11D3-BF4B-00C04F79EFBC}") = "BasicTypes", "02_Types\BasicTypes.csproj", "{C65A35EB-70D6-4F8D-A37A-E961F47FF21A}"
EndProject
Project("{FAE04EC0-301F-11D3-BF4B-00C04F79EFBC}") = "Operators", "03_Operators\Operators.csproj", "{D70BF698-A233-46F3-BD6D-974F572DEE18}"
EndProject
Project("{FAE04EC0-301F-11D3-BF4B-00C04F79EFBC}") = "Strings", "04_Strings\Strings.csproj", "{B7E1FE57-F600-4A0F-9420-90ECEA7EDA11}"
EndProject
Project("{FAE04EC0-301F-11D3-BF4B-00C04F79EFBC}") = "Booleans", "05_Booleans\Booleans.csproj", "{C7ACC759-5BB9-4AFF-ACE1-9355B3734002}"
EndProject
Global
	GlobalSection(SolutionConfigurationPlatforms) = preSolution
		Debug|Any CPU = Debug|Any CPU
		Release|Any CPU = Release|Any CPU
	EndGlobalSection
	GlobalSection(SolutionProperties) = preSolution
		HideSolutionNode = FALSE
	EndGlobalSection
	GlobalSection(ProjectConfigurationPlatforms) = postSolution
		{3BB6710C-9A49-43E4-B3D4-879989C5D683}.Debug|Any CPU.ActiveCfg = Debug|Any CPU
		{3BB6710C-9A49-43E4-B3D4-879989C5D683}.Debug|Any CPU.Build.0 = Debug|Any CPU
		{3BB6710C-9A49-43E4-B3D4-879989C5D683}.Release|Any CPU.ActiveCfg = Release|Any CPU
		{3BB6710C-9A49-43E4-B3D4-879989C5D683}.Release|Any CPU.Build.0 = Release|Any CPU
		{9181C93F-7617-44D4-B855-9F76729F847A}.Debug|Any CPU.ActiveCfg = Debug|Any CPU
		{9181C93F-7617-44D4-B855-9F76729F847A}.Debug|Any CPU.Build.0 = Debug|Any CPU
		{9181C93F-7617-44D4-B855-9F76729F847A}.Release|Any CPU.ActiveCfg = Release|Any CPU
		{9181C93F-7617-44D4-B855-9F76729F847A}.Release|Any CPU.Build.0 = Release|Any CPU
		{C65A35EB-70D6-4F8D-A37A-E961F47FF21A}.Debug|Any CPU.ActiveCfg = Debug|Any CPU
		{C65A35EB-70D6-4F8D-A37A-E961F47FF21A}.Debug|Any CPU.Build.0 = Debug|Any CPU
		{C65A35EB-70D6-4F8D-A37A-E961F47FF21A}.Release|Any CPU.ActiveCfg = Release|Any CPU
		{C65A35EB-70D6-4F8D-A37A-E961F47FF21A}.Release|Any CPU.Build.0 = Release|Any CPU
		{D70BF698-A233-46F3-BD6D-974F572DEE18}.Debug|Any CPU.ActiveCfg = Debug|Any CPU
		{D70BF698-A233-46F3-BD6D-974F572DEE18}.Debug|Any CPU.Build.0 = Debug|Any CPU
		{D70BF698-A233-46F3-BD6D-974F572DEE18}.Release|Any CPU.ActiveCfg = Release|Any CPU
		{D70BF698-A233-46F3-BD6D-974F572DEE18}.Release|Any CPU.Build.0 = Release|Any CPU
		{B7E1FE57-F600-4A0F-9420-90ECEA7EDA11}.Debug|Any CPU.ActiveCfg = Debug|Any CPU
		{B7E1FE57-F600-4A0F-9420-90ECEA7EDA11}.Debug|Any CPU.Build.0 = Debug|Any CPU
		{B7E1FE57-F600-4A0F-9420-90ECEA7EDA11}.Release|Any CPU.ActiveCfg = Release|Any CPU
		{B7E1FE57-F600-4A0F-9420-90ECEA7EDA11}.Release|Any CPU.Build.0 = Release|Any CPU
		{C7ACC759-5BB9-4AFF-ACE1-9355B3734002}.Debug|Any CPU.ActiveCfg = Debug|Any CPU
		{C7ACC759-5BB9-4AFF-ACE1-9355B3734002}.Debug|Any CPU.Build.0 = Debug|Any CPU
		{C7ACC759-5BB9-4AFF-ACE1-9355B3734002}.Release|Any CPU.ActiveCfg = Release|Any CPU
		{C7ACC759-5BB9-4AFF-ACE1-9355B3734002}.Release|Any CPU.Build.0 = Release|Any CPU
	EndGlobalSection
EndGlobal
