
Microsoft Visual Studio Solution File, Format Version 12.00
# Visual Studio Version 17
VisualStudioVersion = 17.0.31903.59
MinimumVisualStudioVersion = 10.0.40219.1
Project("{FAE04EC0-301F-11D3-BF4B-00C04F79EFBC}") = "HelloWorld", "00_HelloWorld\HelloWorld.csproj", "{3BB6710C-9A49-43E4-B3D4-879989C5D683}"
EndProject
Project("{FAE04EC0-301F-11D3-BF4B-00C04F79EFBC}") = "Variables", "01_Variables\Variables.csproj", "{9181C93F-7617-44D4-B855-9F76729F847A}"
EndProject
Project("{FAE04EC0-301F-11D3-BF4B-00C04F79EFBC}") = "BasicTypes", "02_Types\BasicTypes.csproj", "{C65A35EB-70D6-4F8D-A37A-E961F47FF21A}"
EndProject
Project("{FAE04EC0-301F-11D3-BF4B-00C04F79EFBC}") = "Operators", "03_Operators\Operators.csproj", "{D70BF698-A233-46F3-BD6D-974F572DEE18}"
EndProject
Project("{FAE04EC0-301F-11D3-BF4B-00C04F79EFBC}") = "Strings", "04_Strings\Strings.csproj", "{B7E1FE57-F600-4A0F-9420-90ECEA7EDA11}"
EndProject
Project("{FAE04EC0-301F-11D3-BF4B-00C04F79EFBC}") = "Booleans", "05_Booleans\Booleans.csproj", "{C7ACC759-5BB9-4AFF-ACE1-9355B3734002}"
EndProject
Project("{2150E333-8FDC-42A3-9474-1A3956D46DE8}") = "06_Conditionals", "06_Conditionals", "{AED6123D-2BB6-4C74-9B49-34747FAE945D}"
EndProject
Project("{FAE04EC0-301F-11D3-BF4B-00C04F79EFBC}") = "IfStatements", "06_Conditionals\IfStatements\IfStatements.csproj", "{FD6D6FBB-0B95-4614-85F8-5C41CFD8199A}"
EndProject
Project("{FAE04EC0-301F-11D3-BF4B-00C04F79EFBC}") = "Classes", "08_Classes\Classes.csproj", "{10C97A1D-10FC-4257-BBFB-1B5BDA68C126}"
EndProject
Project("{2150E333-8FDC-42A3-9474-1A3956D46DE8}") = "Challenges", "Challenges", "{DFC87B66-99C4-423D-B21C-9C5C43474729}"
EndProject
Project("{FAE04EC0-301F-11D3-BF4B-00C04F79EFBC}") = "CalculatorClass", "Challenges\CalculatorClass\CalculatorClass.csproj", "{8913B3CB-A04F-400C-8936-139FDCA98130}"
EndProject
Project("{FAE04EC0-301F-11D3-BF4B-00C04F79EFBC}") = "SuperChallenge", "Challenges\SuperChallenge\SuperChallenge.csproj", "{726EFD7C-D569-42FF-B09D-BBDEDE6C2BB0}"
EndProject
Project("{FAE04EC0-301F-11D3-BF4B-00C04F79EFBC}") = "UserClass", "Challenges\UserClass\UserClass.csproj", "{0755D9BC-8434-44F4-B191-A1E6D0C9E693}"
EndProject
Project("{FAE04EC0-301F-11D3-BF4B-00C04F79EFBC}") = "VehicleClass", "Challenges\VehicleClass\VehicleClass.csproj", "{37571590-6E74-4D84-9AB6-FF882EC62E53}"
EndProject
Project("{FAE04EC0-301F-11D3-BF4B-00C04F79EFBC}") = "RepositoryPattern", "09_RepositoryPattern\RepositoryPattern.csproj", "{A46CF600-499B-4F7B-B09D-7CAC2A5BDDF8}"
EndProject
Project("{FAE04EC0-301F-11D3-BF4B-00C04F79EFBC}") = "Drofsnar", "Challenges\Drofsnar\Drofsnar.csproj", "{510444BF-E092-4687-8D3A-B51865E2016B}"
EndProject
Global
	GlobalSection(SolutionConfigurationPlatforms) = preSolution
		Debug|Any CPU = Debug|Any CPU
		Release|Any CPU = Release|Any CPU
	EndGlobalSection
	GlobalSection(SolutionProperties) = preSolution
		HideSolutionNode = FALSE
	EndGlobalSection
	GlobalSection(ProjectConfigurationPlatforms) = postSolution
		{3BB6710C-9A49-43E4-B3D4-879989C5D683}.Debug|Any CPU.ActiveCfg = Debug|Any CPU
		{3BB6710C-9A49-43E4-B3D4-879989C5D683}.Debug|Any CPU.Build.0 = Debug|Any CPU
		{3BB6710C-9A49-43E4-B3D4-879989C5D683}.Release|Any CPU.ActiveCfg = Release|Any CPU
		{3BB6710C-9A49-43E4-B3D4-879989C5D683}.Release|Any CPU.Build.0 = Release|Any CPU
		{9181C93F-7617-44D4-B855-9F76729F847A}.Debug|Any CPU.ActiveCfg = Debug|Any CPU
		{9181C93F-7617-44D4-B855-9F76729F847A}.Debug|Any CPU.Build.0 = Debug|Any CPU
		{9181C93F-7617-44D4-B855-9F76729F847A}.Release|Any CPU.ActiveCfg = Release|Any CPU
		{9181C93F-7617-44D4-B855-9F76729F847A}.Release|Any CPU.Build.0 = Release|Any CPU
		{C65A35EB-70D6-4F8D-A37A-E961F47FF21A}.Debug|Any CPU.ActiveCfg = Debug|Any CPU
		{C65A35EB-70D6-4F8D-A37A-E961F47FF21A}.Debug|Any CPU.Build.0 = Debug|Any CPU
		{C65A35EB-70D6-4F8D-A37A-E961F47FF21A}.Release|Any CPU.ActiveCfg = Release|Any CPU
		{C65A35EB-70D6-4F8D-A37A-E961F47FF21A}.Release|Any CPU.Build.0 = Release|Any CPU
		{D70BF698-A233-46F3-BD6D-974F572DEE18}.Debug|Any CPU.ActiveCfg = Debug|Any CPU
		{D70BF698-A233-46F3-BD6D-974F572DEE18}.Debug|Any CPU.Build.0 = Debug|Any CPU
		{D70BF698-A233-46F3-BD6D-974F572DEE18}.Release|Any CPU.ActiveCfg = Release|Any CPU
		{D70BF698-A233-46F3-BD6D-974F572DEE18}.Release|Any CPU.Build.0 = Release|Any CPU
		{B7E1FE57-F600-4A0F-9420-90ECEA7EDA11}.Debug|Any CPU.ActiveCfg = Debug|Any CPU
		{B7E1FE57-F600-4A0F-9420-90ECEA7EDA11}.Debug|Any CPU.Build.0 = Debug|Any CPU
		{B7E1FE57-F600-4A0F-9420-90ECEA7EDA11}.Release|Any CPU.ActiveCfg = Release|Any CPU
		{B7E1FE57-F600-4A0F-9420-90ECEA7EDA11}.Release|Any CPU.Build.0 = Release|Any CPU
		{C7ACC759-5BB9-4AFF-ACE1-9355B3734002}.Debug|Any CPU.ActiveCfg = Debug|Any CPU
		{C7ACC759-5BB9-4AFF-ACE1-9355B3734002}.Debug|Any CPU.Build.0 = Debug|Any CPU
		{C7ACC759-5BB9-4AFF-ACE1-9355B3734002}.Release|Any CPU.ActiveCfg = Release|Any CPU
		{C7ACC759-5BB9-4AFF-ACE1-9355B3734002}.Release|Any CPU.Build.0 = Release|Any CPU
		{FD6D6FBB-0B95-4614-85F8-5C41CFD8199A}.Debug|Any CPU.ActiveCfg = Debug|Any CPU
		{FD6D6FBB-0B95-4614-85F8-5C41CFD8199A}.Debug|Any CPU.Build.0 = Debug|Any CPU
		{FD6D6FBB-0B95-4614-85F8-5C41CFD8199A}.Release|Any CPU.ActiveCfg = Release|Any CPU
		{FD6D6FBB-0B95-4614-85F8-5C41CFD8199A}.Release|Any CPU.Build.0 = Release|Any CPU
		{10C97A1D-10FC-4257-BBFB-1B5BDA68C126}.Debug|Any CPU.ActiveCfg = Debug|Any CPU
		{10C97A1D-10FC-4257-BBFB-1B5BDA68C126}.Debug|Any CPU.Build.0 = Debug|Any CPU
		{10C97A1D-10FC-4257-BBFB-1B5BDA68C126}.Release|Any CPU.ActiveCfg = Release|Any CPU
		{10C97A1D-10FC-4257-BBFB-1B5BDA68C126}.Release|Any CPU.Build.0 = Release|Any CPU
		{8913B3CB-A04F-400C-8936-139FDCA98130}.Debug|Any CPU.ActiveCfg = Debug|Any CPU
		{8913B3CB-A04F-400C-8936-139FDCA98130}.Debug|Any CPU.Build.0 = Debug|Any CPU
		{8913B3CB-A04F-400C-8936-139FDCA98130}.Release|Any CPU.ActiveCfg = Release|Any CPU
		{8913B3CB-A04F-400C-8936-139FDCA98130}.Release|Any CPU.Build.0 = Release|Any CPU
		{726EFD7C-D569-42FF-B09D-BBDEDE6C2BB0}.Debug|Any CPU.ActiveCfg = Debug|Any CPU
		{726EFD7C-D569-42FF-B09D-BBDEDE6C2BB0}.Debug|Any CPU.Build.0 = Debug|Any CPU
		{726EFD7C-D569-42FF-B09D-BBDEDE6C2BB0}.Release|Any CPU.ActiveCfg = Release|Any CPU
		{726EFD7C-D569-42FF-B09D-BBDEDE6C2BB0}.Release|Any CPU.Build.0 = Release|Any CPU
		{0755D9BC-8434-44F4-B191-A1E6D0C9E693}.Debug|Any CPU.ActiveCfg = Debug|Any CPU
		{0755D9BC-8434-44F4-B191-A1E6D0C9E693}.Debug|Any CPU.Build.0 = Debug|Any CPU
		{0755D9BC-8434-44F4-B191-A1E6D0C9E693}.Release|Any CPU.ActiveCfg = Release|Any CPU
		{0755D9BC-8434-44F4-B191-A1E6D0C9E693}.Release|Any CPU.Build.0 = Release|Any CPU
		{37571590-6E74-4D84-9AB6-FF882EC62E53}.Debug|Any CPU.ActiveCfg = Debug|Any CPU
		{37571590-6E74-4D84-9AB6-FF882EC62E53}.Debug|Any CPU.Build.0 = Debug|Any CPU
		{37571590-6E74-4D84-9AB6-FF882EC62E53}.Release|Any CPU.ActiveCfg = Release|Any CPU
		{37571590-6E74-4D84-9AB6-FF882EC62E53}.Release|Any CPU.Build.0 = Release|Any CPU
		{A46CF600-499B-4F7B-B09D-7CAC2A5BDDF8}.Debug|Any CPU.ActiveCfg = Debug|Any CPU
		{A46CF600-499B-4F7B-B09D-7CAC2A5BDDF8}.Debug|Any CPU.Build.0 = Debug|Any CPU
		{A46CF600-499B-4F7B-B09D-7CAC2A5BDDF8}.Release|Any CPU.ActiveCfg = Release|Any CPU
		{A46CF600-499B-4F7B-B09D-7CAC2A5BDDF8}.Release|Any CPU.Build.0 = Release|Any CPU
		{510444BF-E092-4687-8D3A-B51865E2016B}.Debug|Any CPU.ActiveCfg = Debug|Any CPU
		{510444BF-E092-4687-8D3A-B51865E2016B}.Debug|Any CPU.Build.0 = Debug|Any CPU
		{510444BF-E092-4687-8D3A-B51865E2016B}.Release|Any CPU.ActiveCfg = Release|Any CPU
		{510444BF-E092-4687-8D3A-B51865E2016B}.Release|Any CPU.Build.0 = Release|Any CPU
	EndGlobalSection
	GlobalSection(NestedProjects) = preSolution
		{FD6D6FBB-0B95-4614-85F8-5C41CFD8199A} = {AED6123D-2BB6-4C74-9B49-34747FAE945D}
		{8913B3CB-A04F-400C-8936-139FDCA98130} = {DFC87B66-99C4-423D-B21C-9C5C43474729}
		{726EFD7C-D569-42FF-B09D-BBDEDE6C2BB0} = {DFC87B66-99C4-423D-B21C-9C5C43474729}
		{0755D9BC-8434-44F4-B191-A1E6D0C9E693} = {DFC87B66-99C4-423D-B21C-9C5C43474729}
		{37571590-6E74-4D84-9AB6-FF882EC62E53} = {DFC87B66-99C4-423D-B21C-9C5C43474729}
		{510444BF-E092-4687-8D3A-B51865E2016B} = {DFC87B66-99C4-423D-B21C-9C5C43474729}
	EndGlobalSection
EndGlobal
